PODS:
  - AcknowList (1.9.2)
  - Analytics (0.0.5)
  - Cache (5.2.0)
  - DZNEmptyDataSet (1.8.1)
  - Imaginary (4.2.0):
    - Cache (~> 5.0)
  - Lightbox (2.3.0):
    - Imaginary (~> 4.0)

DEPENDENCIES:
  - AcknowList
  - Analytics (from `https://github.com/oliverkulpakko/Analytics.git`)
  - DZNEmptyDataSet
  - Imaginary
  - Lightbox

SPEC REPOS:
  https://cdn.cocoapods.org/:
    - AcknowList
    - Cache
    - DZNEmptyDataSet
    - Imaginary
    - Lightbox

EXTERNAL SOURCES:
  Analytics:
    :git: https://github.com/oliverkulpakko/Analytics.git

CHECKOUT OPTIONS:
  Analytics:
    :commit: 8879d7f1f0cdc88b9ceb8db36cc8af30bed591ed
    :git: https://github.com/oliverkulpakko/Analytics.git

SPEC CHECKSUMS:
  AcknowList: 164431f4c3da64b0c867f5fcda24558e6283cbcf
  Analytics: dcfb03cd46c1bd7fe79400977eaf5ef728ea22bc
  Cache: 807c5d86d01a177f06ede9865add3aea269bbfd4
  DZNEmptyDataSet: 9525833b9e68ac21c30253e1d3d7076cc828eaa7
  Imaginary: dae33d06dbc2ada22f98afef5eb45cc061311a2c
  Lightbox: d317750e4132bfb871a5307cfe0a2c7d6a583c65

PODFILE CHECKSUM: e1020203e0f5d4ef33e78a159579b8018c69b9d7

COCOAPODS: 1.8.3
