// !$*UTF8*$!
{
	archiveVersion = 1;
	classes = {
	};
	objectVersion = 50;
	objects = {

/* Begin PBXBuildFile section */
		3D5C82ABD992D773E4C628E8 /* libPods-Nature.a in Frameworks */ = {isa = PBXBuildFile; fileRef = 3E3573EDC2C37E6C084E5CEE /* libPods-Nature.a */; };
		A7064F37208B3837006A2AF3 /* SwitchCell.swift in Sources */ = {isa = PBXBuildFile; fileRef = A7064F35208B3837006A2AF3 /* SwitchCell.swift */; };
		A7064F38208B3837006A2AF3 /* SwitchCell.xib in Resources */ = {isa = PBXBuildFile; fileRef = A7064F36208B3837006A2AF3 /* SwitchCell.xib */; };
		A7C7B54F20876BE8001F81C2 /* AppDelegate.swift in Sources */ = {isa = PBXBuildFile; fileRef = A7C7B54E20876BE8001F81C2 /* AppDelegate.swift */; };
		A7C7B55620876BE8001F81C2 /* Assets.xcassets in Resources */ = {isa = PBXBuildFile; fileRef = A7C7B55520876BE8001F81C2 /* Assets.xcassets */; };
		A7C7B55920876BE8001F81C2 /* LaunchScreen.storyboard in Resources */ = {isa = PBXBuildFile; fileRef = A7C7B55720876BE8001F81C2 /* LaunchScreen.storyboard */; };
		A7C7B56320876C2C001F81C2 /* BaseViewController.swift in Sources */ = {isa = PBXBuildFile; fileRef = A7C7B56220876C2B001F81C2 /* BaseViewController.swift */; };
		A7C7B56720876C60001F81C2 /* String.swift in Sources */ = {isa = PBXBuildFile; fileRef = A7C7B56620876C60001F81C2 /* String.swift */; };
		A7C7B56C20876E0C001F81C2 /* CategoriesViewController.swift in Sources */ = {isa = PBXBuildFile; fileRef = A7C7B56A20876E0C001F81C2 /* CategoriesViewController.swift */; };
		A7C7B56D20876E0C001F81C2 /* CategoriesViewController.xib in Resources */ = {isa = PBXBuildFile; fileRef = A7C7B56B20876E0C001F81C2 /* CategoriesViewController.xib */; };
		A7C7B57120877027001F81C2 /* Category.swift in Sources */ = {isa = PBXBuildFile; fileRef = A7C7B57020877027001F81C2 /* Category.swift */; };
		A7C7B57320877122001F81C2 /* Localizable.strings in Resources */ = {isa = PBXBuildFile; fileRef = A7C7B57220877122001F81C2 /* Localizable.strings */; };
		A7C7B577208771E9001F81C2 /* DataHelper.swift in Sources */ = {isa = PBXBuildFile; fileRef = A7C7B576208771E9001F81C2 /* DataHelper.swift */; };
		A7C7B57C20877544001F81C2 /* UIColor.swift in Sources */ = {isa = PBXBuildFile; fileRef = A7C7B57B20877544001F81C2 /* UIColor.swift */; };
		A7C7B58020877679001F81C2 /* CategoryCell.swift in Sources */ = {isa = PBXBuildFile; fileRef = A7C7B57E20877679001F81C2 /* CategoryCell.swift */; };
		A7C7B58120877679001F81C2 /* CategoryCell.xib in Resources */ = {isa = PBXBuildFile; fileRef = A7C7B57F20877679001F81C2 /* CategoryCell.xib */; };
		A7C7B58320877B83001F81C2 /* Item.swift in Sources */ = {isa = PBXBuildFile; fileRef = A7C7B58220877B83001F81C2 /* Item.swift */; };
		A7C7B58720877D0E001F81C2 /* ItemsViewController.swift in Sources */ = {isa = PBXBuildFile; fileRef = A7C7B58520877D0E001F81C2 /* ItemsViewController.swift */; };
		A7C7B58820877D0E001F81C2 /* ItemsViewController.xib in Resources */ = {isa = PBXBuildFile; fileRef = A7C7B58620877D0E001F81C2 /* ItemsViewController.xib */; };
		A7C7B58E20877EDA001F81C2 /* ItemCell.swift in Sources */ = {isa = PBXBuildFile; fileRef = A7C7B58C20877EDA001F81C2 /* ItemCell.swift */; };
		A7C7B58F20877EDA001F81C2 /* ItemCell.xib in Resources */ = {isa = PBXBuildFile; fileRef = A7C7B58D20877EDA001F81C2 /* ItemCell.xib */; };
		A7C7B5972087887D001F81C2 /* ItemViewController.swift in Sources */ = {isa = PBXBuildFile; fileRef = A7C7B5952087887D001F81C2 /* ItemViewController.swift */; };
		A7C7B5982087887D001F81C2 /* ItemViewController.xib in Resources */ = {isa = PBXBuildFile; fileRef = A7C7B5962087887D001F81C2 /* ItemViewController.xib */; };
		A7C7B59A20878F0E001F81C2 /* API.swift in Sources */ = {isa = PBXBuildFile; fileRef = A7C7B59920878F0E001F81C2 /* API.swift */; };
		A7C7B5A02087A5A3001F81C2 /* SettingsViewController.swift in Sources */ = {isa = PBXBuildFile; fileRef = A7C7B59E2087A5A3001F81C2 /* SettingsViewController.swift */; };
		A7C7B5A12087A5A3001F81C2 /* SettingsViewController.xib in Resources */ = {isa = PBXBuildFile; fileRef = A7C7B59F2087A5A3001F81C2 /* SettingsViewController.xib */; };
		A7C7B5A32087BCFA001F81C2 /* Country.swift in Sources */ = {isa = PBXBuildFile; fileRef = A7C7B5A22087BCFA001F81C2 /* Country.swift */; };
		A7C7B5C32088F4EB001F81C2 /* ItemImage.swift in Sources */ = {isa = PBXBuildFile; fileRef = A7C7B5C22088F4EB001F81C2 /* ItemImage.swift */; };
		A7F555CD208B3DD40064CEA3 /* Theme.swift in Sources */ = {isa = PBXBuildFile; fileRef = A7F555CC208B3DD40064CEA3 /* Theme.swift */; };
		A7F555D3208B481A0064CEA3 /* MapViewController.swift in Sources */ = {isa = PBXBuildFile; fileRef = A7F555D1208B481A0064CEA3 /* MapViewController.swift */; };
		A7F555D4208B481A0064CEA3 /* MapViewController.xib in Resources */ = {isa = PBXBuildFile; fileRef = A7F555D2208B481A0064CEA3 /* MapViewController.xib */; };
		A7F555D6208B49070064CEA3 /* MapBookmark.swift in Sources */ = {isa = PBXBuildFile; fileRef = A7F555D5208B49070064CEA3 /* MapBookmark.swift */; };
		A7F555D8208B4C3E0064CEA3 /* Storage.swift in Sources */ = {isa = PBXBuildFile; fileRef = A7F555D7208B4C3E0064CEA3 /* Storage.swift */; };
		A7F555DA208B4C610064CEA3 /* BookmarkHelper.swift in Sources */ = {isa = PBXBuildFile; fileRef = A7F555D9208B4C610064CEA3 /* BookmarkHelper.swift */; };
		A7F555DC208B4D9A0064CEA3 /* CLLocationCoordinate2D.swift in Sources */ = {isa = PBXBuildFile; fileRef = A7F555DB208B4D9A0064CEA3 /* CLLocationCoordinate2D.swift */; };
		A7F555DF208B5DBD0064CEA3 /* MapType.swift in Sources */ = {isa = PBXBuildFile; fileRef = A7F555DE208B5DBD0064CEA3 /* MapType.swift */; };
		A7F555E2208B5DF60064CEA3 /* TileOverlay.swift in Sources */ = {isa = PBXBuildFile; fileRef = A7F555E1208B5DF60064CEA3 /* TileOverlay.swift */; };
		A7F555E4208B5E220064CEA3 /* TopoMapsAPI.swift in Sources */ = {isa = PBXBuildFile; fileRef = A7F555E3208B5E220064CEA3 /* TopoMapsAPI.swift */; };
		A7F555E6208B5E3D0064CEA3 /* TopoMapsAPI+MapTile.swift in Sources */ = {isa = PBXBuildFile; fileRef = A7F555E5208B5E3D0064CEA3 /* TopoMapsAPI+MapTile.swift */; };
		A7F555E8208B5E600064CEA3 /* TopoMapsAPI+MapType.swift in Sources */ = {isa = PBXBuildFile; fileRef = A7F555E7208B5E600064CEA3 /* TopoMapsAPI+MapType.swift */; };
		A7F555EA208B5E810064CEA3 /* MapTileCache.swift in Sources */ = {isa = PBXBuildFile; fileRef = A7F555E9208B5E810064CEA3 /* MapTileCache.swift */; };
		A7F555F0208B665A0064CEA3 /* AboutViewController.swift in Sources */ = {isa = PBXBuildFile; fileRef = A7F555EE208B665A0064CEA3 /* AboutViewController.swift */; };
		A7F555F1208B665A0064CEA3 /* AboutViewController.xib in Resources */ = {isa = PBXBuildFile; fileRef = A7F555EF208B665A0064CEA3 /* AboutViewController.xib */; };
		D61A89D7208F0AB400C7A7A6 /* UIApplication.swift in Sources */ = {isa = PBXBuildFile; fileRef = D61A89D6208F0AB400C7A7A6 /* UIApplication.swift */; };
		D61A89D9208F0D9C00C7A7A6 /* RateHelper.swift in Sources */ = {isa = PBXBuildFile; fileRef = D61A89D8208F0D9C00C7A7A6 /* RateHelper.swift */; };
/* End PBXBuildFile section */

/* Begin PBXFileReference section */
		13C98E43ACC5C3CA780B266C /* Pods-Nature.debug.xcconfig */ = {isa = PBXFileReference; includeInIndex = 1; lastKnownFileType = text.xcconfig; name = "Pods-Nature.debug.xcconfig"; path = "Pods/Target Support Files/Pods-Nature/Pods-Nature.debug.xcconfig"; sourceTree = "<group>"; };
		3E3573EDC2C37E6C084E5CEE /* libPods-Nature.a */ = {isa = PBXFileReference; explicitFileType = archive.ar; includeInIndex = 0; path = "libPods-Nature.a"; sourceTree = BUILT_PRODUCTS_DIR; };
		9EA6D4E0E351032FE136A1CF /* Pods-Nature.release.xcconfig */ = {isa = PBXFileReference; includeInIndex = 1; lastKnownFileType = text.xcconfig; name = "Pods-Nature.release.xcconfig"; path = "Pods/Target Support Files/Pods-Nature/Pods-Nature.release.xcconfig"; sourceTree = "<group>"; };
		A7064F35208B3837006A2AF3 /* SwitchCell.swift */ = {isa = PBXFileReference; lastKnownFileType = sourcecode.swift; path = SwitchCell.swift; sourceTree = "<group>"; };
		A7064F36208B3837006A2AF3 /* SwitchCell.xib */ = {isa = PBXFileReference; lastKnownFileType = file.xib; path = SwitchCell.xib; sourceTree = "<group>"; };
		A7C7B54B20876BE8001F81C2 /* Nature.app */ = {isa = PBXFileReference; explicitFileType = wrapper.application; includeInIndex = 0; path = Nature.app; sourceTree = BUILT_PRODUCTS_DIR; };
		A7C7B54E20876BE8001F81C2 /* AppDelegate.swift */ = {isa = PBXFileReference; lastKnownFileType = sourcecode.swift; path = AppDelegate.swift; sourceTree = "<group>"; };
		A7C7B55520876BE8001F81C2 /* Assets.xcassets */ = {isa = PBXFileReference; lastKnownFileType = folder.assetcatalog; path = Assets.xcassets; sourceTree = "<group>"; };
		A7C7B55820876BE8001F81C2 /* Base */ = {isa = PBXFileReference; lastKnownFileType = file.storyboard; name = Base; path = Base.lproj/LaunchScreen.storyboard; sourceTree = "<group>"; };
		A7C7B55A20876BE8001F81C2 /* Info.plist */ = {isa = PBXFileReference; lastKnownFileType = text.plist.xml; path = Info.plist; sourceTree = "<group>"; };
		A7C7B56220876C2B001F81C2 /* BaseViewController.swift */ = {isa = PBXFileReference; fileEncoding = 4; lastKnownFileType = sourcecode.swift; path = BaseViewController.swift; sourceTree = "<group>"; };
		A7C7B56620876C60001F81C2 /* String.swift */ = {isa = PBXFileReference; lastKnownFileType = sourcecode.swift; path = String.swift; sourceTree = "<group>"; };
		A7C7B56A20876E0C001F81C2 /* CategoriesViewController.swift */ = {isa = PBXFileReference; lastKnownFileType = sourcecode.swift; path = CategoriesViewController.swift; sourceTree = "<group>"; };
		A7C7B56B20876E0C001F81C2 /* CategoriesViewController.xib */ = {isa = PBXFileReference; lastKnownFileType = file.xib; path = CategoriesViewController.xib; sourceTree = "<group>"; };
		A7C7B57020877027001F81C2 /* Category.swift */ = {isa = PBXFileReference; lastKnownFileType = sourcecode.swift; path = Category.swift; sourceTree = "<group>"; };
		A7C7B57220877122001F81C2 /* Localizable.strings */ = {isa = PBXFileReference; lastKnownFileType = text.plist.strings; path = Localizable.strings; sourceTree = "<group>"; };
		A7C7B576208771E9001F81C2 /* DataHelper.swift */ = {isa = PBXFileReference; lastKnownFileType = sourcecode.swift; path = DataHelper.swift; sourceTree = "<group>"; };
		A7C7B57B20877544001F81C2 /* UIColor.swift */ = {isa = PBXFileReference; lastKnownFileType = sourcecode.swift; path = UIColor.swift; sourceTree = "<group>"; };
		A7C7B57E20877679001F81C2 /* CategoryCell.swift */ = {isa = PBXFileReference; lastKnownFileType = sourcecode.swift; path = CategoryCell.swift; sourceTree = "<group>"; };
		A7C7B57F20877679001F81C2 /* CategoryCell.xib */ = {isa = PBXFileReference; lastKnownFileType = file.xib; path = CategoryCell.xib; sourceTree = "<group>"; };
		A7C7B58220877B83001F81C2 /* Item.swift */ = {isa = PBXFileReference; lastKnownFileType = sourcecode.swift; path = Item.swift; sourceTree = "<group>"; };
		A7C7B58520877D0E001F81C2 /* ItemsViewController.swift */ = {isa = PBXFileReference; lastKnownFileType = sourcecode.swift; path = ItemsViewController.swift; sourceTree = "<group>"; };
		A7C7B58620877D0E001F81C2 /* ItemsViewController.xib */ = {isa = PBXFileReference; lastKnownFileType = file.xib; path = ItemsViewController.xib; sourceTree = "<group>"; };
		A7C7B58C20877EDA001F81C2 /* ItemCell.swift */ = {isa = PBXFileReference; lastKnownFileType = sourcecode.swift; path = ItemCell.swift; sourceTree = "<group>"; };
		A7C7B58D20877EDA001F81C2 /* ItemCell.xib */ = {isa = PBXFileReference; lastKnownFileType = file.xib; path = ItemCell.xib; sourceTree = "<group>"; };
		A7C7B5952087887D001F81C2 /* ItemViewController.swift */ = {isa = PBXFileReference; lastKnownFileType = sourcecode.swift; path = ItemViewController.swift; sourceTree = "<group>"; };
		A7C7B5962087887D001F81C2 /* ItemViewController.xib */ = {isa = PBXFileReference; lastKnownFileType = file.xib; path = ItemViewController.xib; sourceTree = "<group>"; };
		A7C7B59920878F0E001F81C2 /* API.swift */ = {isa = PBXFileReference; lastKnownFileType = sourcecode.swift; path = API.swift; sourceTree = "<group>"; };
		A7C7B59E2087A5A3001F81C2 /* SettingsViewController.swift */ = {isa = PBXFileReference; lastKnownFileType = sourcecode.swift; path = SettingsViewController.swift; sourceTree = "<group>"; };
		A7C7B59F2087A5A3001F81C2 /* SettingsViewController.xib */ = {isa = PBXFileReference; lastKnownFileType = file.xib; path = SettingsViewController.xib; sourceTree = "<group>"; };
		A7C7B5A22087BCFA001F81C2 /* Country.swift */ = {isa = PBXFileReference; lastKnownFileType = sourcecode.swift; path = Country.swift; sourceTree = "<group>"; };
		A7C7B5C22088F4EB001F81C2 /* ItemImage.swift */ = {isa = PBXFileReference; lastKnownFileType = sourcecode.swift; path = ItemImage.swift; sourceTree = "<group>"; };
		A7F555CC208B3DD40064CEA3 /* Theme.swift */ = {isa = PBXFileReference; lastKnownFileType = sourcecode.swift; path = Theme.swift; sourceTree = "<group>"; };
		A7F555D1208B481A0064CEA3 /* MapViewController.swift */ = {isa = PBXFileReference; lastKnownFileType = sourcecode.swift; path = MapViewController.swift; sourceTree = "<group>"; };
		A7F555D2208B481A0064CEA3 /* MapViewController.xib */ = {isa = PBXFileReference; lastKnownFileType = file.xib; path = MapViewController.xib; sourceTree = "<group>"; };
		A7F555D5208B49070064CEA3 /* MapBookmark.swift */ = {isa = PBXFileReference; lastKnownFileType = sourcecode.swift; path = MapBookmark.swift; sourceTree = "<group>"; };
		A7F555D7208B4C3E0064CEA3 /* Storage.swift */ = {isa = PBXFileReference; fileEncoding = 4; lastKnownFileType = sourcecode.swift; path = Storage.swift; sourceTree = "<group>"; };
		A7F555D9208B4C610064CEA3 /* BookmarkHelper.swift */ = {isa = PBXFileReference; lastKnownFileType = sourcecode.swift; path = BookmarkHelper.swift; sourceTree = "<group>"; };
		A7F555DB208B4D9A0064CEA3 /* CLLocationCoordinate2D.swift */ = {isa = PBXFileReference; lastKnownFileType = sourcecode.swift; path = CLLocationCoordinate2D.swift; sourceTree = "<group>"; };
		A7F555DE208B5DBD0064CEA3 /* MapType.swift */ = {isa = PBXFileReference; lastKnownFileType = sourcecode.swift; path = MapType.swift; sourceTree = "<group>"; };
		A7F555E1208B5DF60064CEA3 /* TileOverlay.swift */ = {isa = PBXFileReference; lastKnownFileType = sourcecode.swift; path = TileOverlay.swift; sourceTree = "<group>"; };
		A7F555E3208B5E220064CEA3 /* TopoMapsAPI.swift */ = {isa = PBXFileReference; lastKnownFileType = sourcecode.swift; path = TopoMapsAPI.swift; sourceTree = "<group>"; };
		A7F555E5208B5E3D0064CEA3 /* TopoMapsAPI+MapTile.swift */ = {isa = PBXFileReference; lastKnownFileType = sourcecode.swift; path = "TopoMapsAPI+MapTile.swift"; sourceTree = "<group>"; };
		A7F555E7208B5E600064CEA3 /* TopoMapsAPI+MapType.swift */ = {isa = PBXFileReference; lastKnownFileType = sourcecode.swift; path = "TopoMapsAPI+MapType.swift"; sourceTree = "<group>"; };
		A7F555E9208B5E810064CEA3 /* MapTileCache.swift */ = {isa = PBXFileReference; lastKnownFileType = sourcecode.swift; path = MapTileCache.swift; sourceTree = "<group>"; };
		A7F555EE208B665A0064CEA3 /* AboutViewController.swift */ = {isa = PBXFileReference; lastKnownFileType = sourcecode.swift; path = AboutViewController.swift; sourceTree = "<group>"; };
		A7F555EF208B665A0064CEA3 /* AboutViewController.xib */ = {isa = PBXFileReference; lastKnownFileType = file.xib; path = AboutViewController.xib; sourceTree = "<group>"; };
		D61A89D6208F0AB400C7A7A6 /* UIApplication.swift */ = {isa = PBXFileReference; lastKnownFileType = sourcecode.swift; path = UIApplication.swift; sourceTree = "<group>"; };
		D61A89D8208F0D9C00C7A7A6 /* RateHelper.swift */ = {isa = PBXFileReference; lastKnownFileType = sourcecode.swift; path = RateHelper.swift; sourceTree = "<group>"; };
/* End PBXFileReference section */

/* Begin PBXFrameworksBuildPhase section */
		A7C7B54820876BE8001F81C2 /* Frameworks */ = {
			isa = PBXFrameworksBuildPhase;
			buildActionMask = 2147483647;
			files = (
				3D5C82ABD992D773E4C628E8 /* libPods-Nature.a in Frameworks */,
			);
			runOnlyForDeploymentPostprocessing = 0;
		};
/* End PBXFrameworksBuildPhase section */

/* Begin PBXGroup section */
		107C7EB985EC70D485EE7F38 /* Frameworks */ = {
			isa = PBXGroup;
			children = (
				3E3573EDC2C37E6C084E5CEE /* libPods-Nature.a */,
			);
			name = Frameworks;
			sourceTree = "<group>";
		};
		A7064F32208B3819006A2AF3 /* Cells */ = {
			isa = PBXGroup;
			children = (
				A7064F35208B3837006A2AF3 /* SwitchCell.swift */,
				A7064F36208B3837006A2AF3 /* SwitchCell.xib */,
			);
			path = Cells;
			sourceTree = "<group>";
		};
		A7C7B54220876BE8001F81C2 = {
			isa = PBXGroup;
			children = (
				A7C7B54D20876BE8001F81C2 /* Nature */,
				A7C7B54C20876BE8001F81C2 /* Products */,
				F9BB5333A16F64CDDE8502A9 /* Pods */,
				107C7EB985EC70D485EE7F38 /* Frameworks */,
			);
			sourceTree = "<group>";
			usesTabs = 1;
		};
		A7C7B54C20876BE8001F81C2 /* Products */ = {
			isa = PBXGroup;
			children = (
				A7C7B54B20876BE8001F81C2 /* Nature.app */,
			);
			name = Products;
			sourceTree = "<group>";
		};
		A7C7B54D20876BE8001F81C2 /* Nature */ = {
			isa = PBXGroup;
			children = (
				A7C7B56120876C10001F81C2 /* Views */,
				A7C7B56F20877014001F81C2 /* Models */,
				A7C7B56420876C47001F81C2 /* Helpers */,
				A7C7B56020876C02001F81C2 /* Supporting Files */,
			);
			path = Nature;
			sourceTree = "<group>";
		};
		A7C7B56020876C02001F81C2 /* Supporting Files */ = {
			isa = PBXGroup;
			children = (
				A7C7B54E20876BE8001F81C2 /* AppDelegate.swift */,
				A7C7B55520876BE8001F81C2 /* Assets.xcassets */,
				A7C7B55720876BE8001F81C2 /* LaunchScreen.storyboard */,
				A7C7B55A20876BE8001F81C2 /* Info.plist */,
				A7C7B57220877122001F81C2 /* Localizable.strings */,
			);
			path = "Supporting Files";
			sourceTree = "<group>";
		};
		A7C7B56120876C10001F81C2 /* Views */ = {
			isa = PBXGroup;
			children = (
				A7C7B56220876C2B001F81C2 /* BaseViewController.swift */,
				A7C7B59D2087A595001F81C2 /* Settings */,
				A7C7B56E20876E0F001F81C2 /* Categories */,
				A7C7B58420877CF3001F81C2 /* Items */,
				A7C7B59420878865001F81C2 /* Item */,
				A7F555CE208B47F80064CEA3 /* Map */,
			);
			path = Views;
			sourceTree = "<group>";
		};
		A7C7B56420876C47001F81C2 /* Helpers */ = {
			isa = PBXGroup;
			children = (
				A7F555D7208B4C3E0064CEA3 /* Storage.swift */,
				A7C7B59920878F0E001F81C2 /* API.swift */,
				A7C7B576208771E9001F81C2 /* DataHelper.swift */,
				A7F555D9208B4C610064CEA3 /* BookmarkHelper.swift */,
				A7F555CC208B3DD40064CEA3 /* Theme.swift */,
				D61A89D8208F0D9C00C7A7A6 /* RateHelper.swift */,
				A7F555E0208B5DE90064CEA3 /* Topo Maps */,
				A7C7B56520876C52001F81C2 /* Extensions */,
			);
			path = Helpers;
			sourceTree = "<group>";
		};
		A7C7B56520876C52001F81C2 /* Extensions */ = {
			isa = PBXGroup;
			children = (
				A7C7B56620876C60001F81C2 /* String.swift */,
				D61A89D6208F0AB400C7A7A6 /* UIApplication.swift */,
				A7C7B57B20877544001F81C2 /* UIColor.swift */,
				A7F555DB208B4D9A0064CEA3 /* CLLocationCoordinate2D.swift */,
			);
			path = Extensions;
			sourceTree = "<group>";
		};
		A7C7B56E20876E0F001F81C2 /* Categories */ = {
			isa = PBXGroup;
			children = (
				A7C7B56A20876E0C001F81C2 /* CategoriesViewController.swift */,
				A7C7B56B20876E0C001F81C2 /* CategoriesViewController.xib */,
				A7C7B57D20877666001F81C2 /* Cells */,
			);
			path = Categories;
			sourceTree = "<group>";
		};
		A7C7B56F20877014001F81C2 /* Models */ = {
			isa = PBXGroup;
			children = (
				A7C7B57020877027001F81C2 /* Category.swift */,
				A7C7B58220877B83001F81C2 /* Item.swift */,
				A7C7B5C22088F4EB001F81C2 /* ItemImage.swift */,
				A7C7B5A22087BCFA001F81C2 /* Country.swift */,
				A7F555D5208B49070064CEA3 /* MapBookmark.swift */,
				A7F555DD208B5D9D0064CEA3 /* Topo Maps */,
			);
			path = Models;
			sourceTree = "<group>";
		};
		A7C7B57D20877666001F81C2 /* Cells */ = {
			isa = PBXGroup;
			children = (
				A7C7B57E20877679001F81C2 /* CategoryCell.swift */,
				A7C7B57F20877679001F81C2 /* CategoryCell.xib */,
			);
			path = Cells;
			sourceTree = "<group>";
		};
		A7C7B58420877CF3001F81C2 /* Items */ = {
			isa = PBXGroup;
			children = (
				A7C7B58520877D0E001F81C2 /* ItemsViewController.swift */,
				A7C7B58620877D0E001F81C2 /* ItemsViewController.xib */,
				A7C7B58920877E84001F81C2 /* Cells */,
			);
			path = Items;
			sourceTree = "<group>";
		};
		A7C7B58920877E84001F81C2 /* Cells */ = {
			isa = PBXGroup;
			children = (
				A7C7B58C20877EDA001F81C2 /* ItemCell.swift */,
				A7C7B58D20877EDA001F81C2 /* ItemCell.xib */,
			);
			path = Cells;
			sourceTree = "<group>";
		};
		A7C7B59420878865001F81C2 /* Item */ = {
			isa = PBXGroup;
			children = (
				A7C7B5952087887D001F81C2 /* ItemViewController.swift */,
				A7C7B5962087887D001F81C2 /* ItemViewController.xib */,
			);
			path = Item;
			sourceTree = "<group>";
		};
		A7C7B59D2087A595001F81C2 /* Settings */ = {
			isa = PBXGroup;
			children = (
				A7C7B59E2087A5A3001F81C2 /* SettingsViewController.swift */,
				A7C7B59F2087A5A3001F81C2 /* SettingsViewController.xib */,
				A7064F32208B3819006A2AF3 /* Cells */,
				A7F555EB208B663E0064CEA3 /* About */,
			);
			path = Settings;
			sourceTree = "<group>";
		};
		A7F555CE208B47F80064CEA3 /* Map */ = {
			isa = PBXGroup;
			children = (
				A7F555D1208B481A0064CEA3 /* MapViewController.swift */,
				A7F555D2208B481A0064CEA3 /* MapViewController.xib */,
			);
			path = Map;
			sourceTree = "<group>";
		};
		A7F555DD208B5D9D0064CEA3 /* Topo Maps */ = {
			isa = PBXGroup;
			children = (
				A7F555DE208B5DBD0064CEA3 /* MapType.swift */,
			);
			path = "Topo Maps";
			sourceTree = "<group>";
		};
		A7F555E0208B5DE90064CEA3 /* Topo Maps */ = {
			isa = PBXGroup;
			children = (
				A7F555E1208B5DF60064CEA3 /* TileOverlay.swift */,
				A7F555E9208B5E810064CEA3 /* MapTileCache.swift */,
				A7F555E3208B5E220064CEA3 /* TopoMapsAPI.swift */,
				A7F555E5208B5E3D0064CEA3 /* TopoMapsAPI+MapTile.swift */,
				A7F555E7208B5E600064CEA3 /* TopoMapsAPI+MapType.swift */,
			);
			path = "Topo Maps";
			sourceTree = "<group>";
		};
		A7F555EB208B663E0064CEA3 /* About */ = {
			isa = PBXGroup;
			children = (
				A7F555EE208B665A0064CEA3 /* AboutViewController.swift */,
				A7F555EF208B665A0064CEA3 /* AboutViewController.xib */,
			);
			path = About;
			sourceTree = "<group>";
		};
		F9BB5333A16F64CDDE8502A9 /* Pods */ = {
			isa = PBXGroup;
			children = (
				13C98E43ACC5C3CA780B266C /* Pods-Nature.debug.xcconfig */,
				9EA6D4E0E351032FE136A1CF /* Pods-Nature.release.xcconfig */,
			);
			name = Pods;
			sourceTree = "<group>";
		};
/* End PBXGroup section */

/* Begin PBXNativeTarget section */
		A7C7B54A20876BE8001F81C2 /* Nature */ = {
			isa = PBXNativeTarget;
			buildConfigurationList = A7C7B55D20876BE8001F81C2 /* Build configuration list for PBXNativeTarget "Nature" */;
			buildPhases = (
				DB581E4A6BBC3386DC808F65 /* [CP] Check Pods Manifest.lock */,
				A7C7B54720876BE8001F81C2 /* Sources */,
				A7C7B54820876BE8001F81C2 /* Frameworks */,
				A7C7B54920876BE8001F81C2 /* Resources */,
				4C80DC6A23EF19188068134C /* [CP] Copy Pods Resources */,
			);
			buildRules = (
			);
			dependencies = (
			);
			name = Nature;
			productName = Nature;
			productReference = A7C7B54B20876BE8001F81C2 /* Nature.app */;
			productType = "com.apple.product-type.application";
		};
/* End PBXNativeTarget section */

/* Begin PBXProject section */
		A7C7B54320876BE8001F81C2 /* Project object */ = {
			isa = PBXProject;
			attributes = {
				LastSwiftUpdateCheck = 0930;
				LastUpgradeCheck = 0930;
				ORGANIZATIONNAME = "Oliver Kulpakko";
				TargetAttributes = {
					A7C7B54A20876BE8001F81C2 = {
						CreatedOnToolsVersion = 9.3;
					};
				};
			};
			buildConfigurationList = A7C7B54620876BE8001F81C2 /* Build configuration list for PBXProject "Nature" */;
			compatibilityVersion = "Xcode 9.3";
			developmentRegion = en;
			hasScannedForEncodings = 0;
			knownRegions = (
				en,
				Base,
			);
			mainGroup = A7C7B54220876BE8001F81C2;
			productRefGroup = A7C7B54C20876BE8001F81C2 /* Products */;
			projectDirPath = "";
			projectRoot = "";
			targets = (
				A7C7B54A20876BE8001F81C2 /* Nature */,
			);
		};
/* End PBXProject section */

/* Begin PBXResourcesBuildPhase section */
		A7C7B54920876BE8001F81C2 /* Resources */ = {
			isa = PBXResourcesBuildPhase;
			buildActionMask = 2147483647;
			files = (
				A7C7B58820877D0E001F81C2 /* ItemsViewController.xib in Resources */,
				A7C7B5A12087A5A3001F81C2 /* SettingsViewController.xib in Resources */,
				A7C7B55920876BE8001F81C2 /* LaunchScreen.storyboard in Resources */,
				A7C7B58120877679001F81C2 /* CategoryCell.xib in Resources */,
				A7C7B57320877122001F81C2 /* Localizable.strings in Resources */,
				A7C7B58F20877EDA001F81C2 /* ItemCell.xib in Resources */,
				A7C7B55620876BE8001F81C2 /* Assets.xcassets in Resources */,
				A7C7B56D20876E0C001F81C2 /* CategoriesViewController.xib in Resources */,
				A7C7B5982087887D001F81C2 /* ItemViewController.xib in Resources */,
				A7F555D4208B481A0064CEA3 /* MapViewController.xib in Resources */,
				A7F555F1208B665A0064CEA3 /* AboutViewController.xib in Resources */,
				A7064F38208B3837006A2AF3 /* SwitchCell.xib in Resources */,
			);
			runOnlyForDeploymentPostprocessing = 0;
		};
/* End PBXResourcesBuildPhase section */

/* Begin PBXShellScriptBuildPhase section */
		4C80DC6A23EF19188068134C /* [CP] Copy Pods Resources */ = {
			isa = PBXShellScriptBuildPhase;
			buildActionMask = 2147483647;
			files = (
			);
			inputPaths = (
				"${SRCROOT}/Pods/Target Support Files/Pods-Nature/Pods-Nature-resources.sh",
				"${PODS_ROOT}/Lightbox/Resources/Lightbox.bundle",
			);
			name = "[CP] Copy Pods Resources";
			outputPaths = (
				"${TARGET_BUILD_DIR}/${UNLOCALIZED_RESOURCES_FOLDER_PATH}/Lightbox.bundle",
			);
			runOnlyForDeploymentPostprocessing = 0;
			shellPath = /bin/sh;
			shellScript = "\"${SRCROOT}/Pods/Target Support Files/Pods-Nature/Pods-Nature-resources.sh\"\n";
			showEnvVarsInLog = 0;
		};
		DB581E4A6BBC3386DC808F65 /* [CP] Check Pods Manifest.lock */ = {
			isa = PBXShellScriptBuildPhase;
			buildActionMask = 2147483647;
			files = (
			);
			inputPaths = (
				"${PODS_PODFILE_DIR_PATH}/Podfile.lock",
				"${PODS_ROOT}/Manifest.lock",
			);
			name = "[CP] Check Pods Manifest.lock";
			outputPaths = (
				"$(DERIVED_FILE_DIR)/Pods-Nature-checkManifestLockResult.txt",
			);
			runOnlyForDeploymentPostprocessing = 0;
			shellPath = /bin/sh;
			shellScript = "diff \"${PODS_PODFILE_DIR_PATH}/Podfile.lock\" \"${PODS_ROOT}/Manifest.lock\" > /dev/null\nif [ $? != 0 ] ; then\n    # print error to STDERR\n    echo \"error: The sandbox is not in sync with the Podfile.lock. Run 'pod install' or update your CocoaPods installation.\" >&2\n    exit 1\nfi\n# This output is used by Xcode 'outputs' to avoid re-running this script phase.\necho \"SUCCESS\" > \"${SCRIPT_OUTPUT_FILE_0}\"\n";
			showEnvVarsInLog = 0;
		};
/* End PBXShellScriptBuildPhase section */

/* Begin PBXSourcesBuildPhase section */
		A7C7B54720876BE8001F81C2 /* Sources */ = {
			isa = PBXSourcesBuildPhase;
			buildActionMask = 2147483647;
			files = (
				A7C7B58720877D0E001F81C2 /* ItemsViewController.swift in Sources */,
				A7F555D6208B49070064CEA3 /* MapBookmark.swift in Sources */,
				A7C7B54F20876BE8001F81C2 /* AppDelegate.swift in Sources */,
				A7F555E4208B5E220064CEA3 /* TopoMapsAPI.swift in Sources */,
				A7C7B58320877B83001F81C2 /* Item.swift in Sources */,
				A7C7B5972087887D001F81C2 /* ItemViewController.swift in Sources */,
				A7F555DA208B4C610064CEA3 /* BookmarkHelper.swift in Sources */,
				A7C7B58E20877EDA001F81C2 /* ItemCell.swift in Sources */,
				A7C7B57C20877544001F81C2 /* UIColor.swift in Sources */,
				D61A89D7208F0AB400C7A7A6 /* UIApplication.swift in Sources */,
				A7F555DF208B5DBD0064CEA3 /* MapType.swift in Sources */,
				A7C7B59A20878F0E001F81C2 /* API.swift in Sources */,
				A7F555D8208B4C3E0064CEA3 /* Storage.swift in Sources */,
				A7F555D3208B481A0064CEA3 /* MapViewController.swift in Sources */,
				A7F555E2208B5DF60064CEA3 /* TileOverlay.swift in Sources */,
				A7C7B5C32088F4EB001F81C2 /* ItemImage.swift in Sources */,
				A7C7B57120877027001F81C2 /* Category.swift in Sources */,
				A7F555E6208B5E3D0064CEA3 /* TopoMapsAPI+MapTile.swift in Sources */,
				A7F555CD208B3DD40064CEA3 /* Theme.swift in Sources */,
				A7F555F0208B665A0064CEA3 /* AboutViewController.swift in Sources */,
				A7C7B5A02087A5A3001F81C2 /* SettingsViewController.swift in Sources */,
				A7C7B58020877679001F81C2 /* CategoryCell.swift in Sources */,
				A7C7B56720876C60001F81C2 /* String.swift in Sources */,
				D61A89D9208F0D9C00C7A7A6 /* RateHelper.swift in Sources */,
				A7C7B577208771E9001F81C2 /* DataHelper.swift in Sources */,
				A7C7B5A32087BCFA001F81C2 /* Country.swift in Sources */,
				A7F555EA208B5E810064CEA3 /* MapTileCache.swift in Sources */,
				A7C7B56320876C2C001F81C2 /* BaseViewController.swift in Sources */,
				A7F555E8208B5E600064CEA3 /* TopoMapsAPI+MapType.swift in Sources */,
				A7F555DC208B4D9A0064CEA3 /* CLLocationCoordinate2D.swift in Sources */,
				A7064F37208B3837006A2AF3 /* SwitchCell.swift in Sources */,
				A7C7B56C20876E0C001F81C2 /* CategoriesViewController.swift in Sources */,
			);
			runOnlyForDeploymentPostprocessing = 0;
		};
/* End PBXSourcesBuildPhase section */

/* Begin PBXVariantGroup section */
		A7C7B55720876BE8001F81C2 /* LaunchScreen.storyboard */ = {
			isa = PBXVariantGroup;
			children = (
				A7C7B55820876BE8001F81C2 /* Base */,
			);
			name = LaunchScreen.storyboard;
			sourceTree = "<group>";
		};
/* End PBXVariantGroup section */

/* Begin XCBuildConfiguration section */
		A7C7B55B20876BE8001F81C2 /* Debug */ = {
			isa = XCBuildConfiguration;
			buildSettings = {
				ALWAYS_SEARCH_USER_PATHS = NO;
				CLANG_ANALYZER_NONNULL = YES;
				CLANG_ANALYZER_NUMBER_OBJECT_CONVERSION = YES_AGGRESSIVE;
				CLANG_CXX_LANGUAGE_STANDARD = "gnu++14";
				CLANG_CXX_LIBRARY = "libc++";
				CLANG_ENABLE_MODULES = YES;
				CLANG_ENABLE_OBJC_ARC = YES;
				CLANG_ENABLE_OBJC_WEAK = YES;
				CLANG_WARN_BLOCK_CAPTURE_AUTORELEASING = YES;
				CLANG_WARN_BOOL_CONVERSION = YES;
				CLANG_WARN_COMMA = YES;
				CLANG_WARN_CONSTANT_CONVERSION = YES;
				CLANG_WARN_DEPRECATED_OBJC_IMPLEMENTATIONS = YES;
				CLANG_WARN_DIRECT_OBJC_ISA_USAGE = YES_ERROR;
				CLANG_WARN_DOCUMENTATION_COMMENTS = YES;
				CLANG_WARN_EMPTY_BODY = YES;
				CLANG_WARN_ENUM_CONVERSION = YES;
				CLANG_WARN_INFINITE_RECURSION = YES;
				CLANG_WARN_INT_CONVERSION = YES;
				CLANG_WARN_NON_LITERAL_NULL_CONVERSION = YES;
				CLANG_WARN_OBJC_IMPLICIT_RETAIN_SELF = YES;
				CLANG_WARN_OBJC_LITERAL_CONVERSION = YES;
				CLANG_WARN_OBJC_ROOT_CLASS = YES_ERROR;
				CLANG_WARN_RANGE_LOOP_ANALYSIS = YES;
				CLANG_WARN_STRICT_PROTOTYPES = YES;
				CLANG_WARN_SUSPICIOUS_MOVE = YES;
				CLANG_WARN_UNGUARDED_AVAILABILITY = YES_AGGRESSIVE;
				CLANG_WARN_UNREACHABLE_CODE = YES;
				CLANG_WARN__DUPLICATE_METHOD_MATCH = YES;
				CODE_SIGN_IDENTITY = "iPhone Developer";
				COPY_PHASE_STRIP = NO;
				DEBUG_INFORMATION_FORMAT = dwarf;
				ENABLE_STRICT_OBJC_MSGSEND = YES;
				ENABLE_TESTABILITY = YES;
				GCC_C_LANGUAGE_STANDARD = gnu11;
				GCC_DYNAMIC_NO_PIC = NO;
				GCC_NO_COMMON_BLOCKS = YES;
				GCC_OPTIMIZATION_LEVEL = 0;
				GCC_PREPROCESSOR_DEFINITIONS = (
					"DEBUG=1",
					"$(inherited)",
				);
				GCC_WARN_64_TO_32_BIT_CONVERSION = YES;
				GCC_WARN_ABOUT_RETURN_TYPE = YES_ERROR;
				GCC_WARN_UNDECLARED_SELECTOR = YES;
				GCC_WARN_UNINITIALIZED_AUTOS = YES_AGGRESSIVE;
				GCC_WARN_UNUSED_FUNCTION = YES;
				GCC_WARN_UNUSED_VARIABLE = YES;
				IPHONEOS_DEPLOYMENT_TARGET = 9.0;
				MTL_ENABLE_DEBUG_INFO = YES;
				ONLY_ACTIVE_ARCH = YES;
				SDKROOT = iphoneos;
				SWIFT_ACTIVE_COMPILATION_CONDITIONS = DEBUG;
				SWIFT_OPTIMIZATION_LEVEL = "-Onone";
			};
			name = Debug;
		};
		A7C7B55C20876BE8001F81C2 /* Release */ = {
			isa = XCBuildConfiguration;
			buildSettings = {
				ALWAYS_SEARCH_USER_PATHS = NO;
				CLANG_ANALYZER_NONNULL = YES;
				CLANG_ANALYZER_NUMBER_OBJECT_CONVERSION = YES_AGGRESSIVE;
				CLANG_CXX_LANGUAGE_STANDARD = "gnu++14";
				CLANG_CXX_LIBRARY = "libc++";
				CLANG_ENABLE_MODULES = YES;
				CLANG_ENABLE_OBJC_ARC = YES;
				CLANG_ENABLE_OBJC_WEAK = YES;
				CLANG_WARN_BLOCK_CAPTURE_AUTORELEASING = YES;
				CLANG_WARN_BOOL_CONVERSION = YES;
				CLANG_WARN_COMMA = YES;
				CLANG_WARN_CONSTANT_CONVERSION = YES;
				CLANG_WARN_DEPRECATED_OBJC_IMPLEMENTATIONS = YES;
				CLANG_WARN_DIRECT_OBJC_ISA_USAGE = YES_ERROR;
				CLANG_WARN_DOCUMENTATION_COMMENTS = YES;
				CLANG_WARN_EMPTY_BODY = YES;
				CLANG_WARN_ENUM_CONVERSION = YES;
				CLANG_WARN_INFINITE_RECURSION = YES;
				CLANG_WARN_INT_CONVERSION = YES;
				CLANG_WARN_NON_LITERAL_NULL_CONVERSION = YES;
				CLANG_WARN_OBJC_IMPLICIT_RETAIN_SELF = YES;
				CLANG_WARN_OBJC_LITERAL_CONVERSION = YES;
				CLANG_WARN_OBJC_ROOT_CLASS = YES_ERROR;
				CLANG_WARN_RANGE_LOOP_ANALYSIS = YES;
				CLANG_WARN_STRICT_PROTOTYPES = YES;
				CLANG_WARN_SUSPICIOUS_MOVE = YES;
				CLANG_WARN_UNGUARDED_AVAILABILITY = YES_AGGRESSIVE;
				CLANG_WARN_UNREACHABLE_CODE = YES;
				CLANG_WARN__DUPLICATE_METHOD_MATCH = YES;
				CODE_SIGN_IDENTITY = "iPhone Developer";
				COPY_PHASE_STRIP = NO;
				DEBUG_INFORMATION_FORMAT = "dwarf-with-dsym";
				ENABLE_NS_ASSERTIONS = NO;
				ENABLE_STRICT_OBJC_MSGSEND = YES;
				GCC_C_LANGUAGE_STANDARD = gnu11;
				GCC_NO_COMMON_BLOCKS = YES;
				GCC_WARN_64_TO_32_BIT_CONVERSION = YES;
				GCC_WARN_ABOUT_RETURN_TYPE = YES_ERROR;
				GCC_WARN_UNDECLARED_SELECTOR = YES;
				GCC_WARN_UNINITIALIZED_AUTOS = YES_AGGRESSIVE;
				GCC_WARN_UNUSED_FUNCTION = YES;
				GCC_WARN_UNUSED_VARIABLE = YES;
				IPHONEOS_DEPLOYMENT_TARGET = 9.0;
				MTL_ENABLE_DEBUG_INFO = NO;
				SDKROOT = iphoneos;
				SWIFT_COMPILATION_MODE = wholemodule;
				SWIFT_OPTIMIZATION_LEVEL = "-O";
				VALIDATE_PRODUCT = YES;
			};
			name = Release;
		};
		A7C7B55E20876BE8001F81C2 /* Debug */ = {
			isa = XCBuildConfiguration;
			baseConfigurationReference = 13C98E43ACC5C3CA780B266C /* Pods-Nature.debug.xcconfig */;
			buildSettings = {
				ASSETCATALOG_COMPILER_APPICON_NAME = AppIcon;
				CODE_SIGN_STYLE = Automatic;
				DEVELOPMENT_TEAM = 74N5MDHHBK;
				INFOPLIST_FILE = "$(SRCROOT)/Nature/Supporting Files/Info.plist";
				LD_RUNPATH_SEARCH_PATHS = (
					"$(inherited)",
					"@executable_path/Frameworks",
				);
				PRODUCT_BUNDLE_IDENTIFIER = com.eaststudios.Nature;
				PRODUCT_NAME = "$(TARGET_NAME)";
				SWIFT_VERSION = 4.0;
				TARGETED_DEVICE_FAMILY = "1,2";
			};
			name = Debug;
		};
		A7C7B55F20876BE8001F81C2 /* Release */ = {
			isa = XCBuildConfiguration;
			baseConfigurationReference = 9EA6D4E0E351032FE136A1CF /* Pods-Nature.release.xcconfig */;
			buildSettings = {
				ASSETCATALOG_COMPILER_APPICON_NAME = AppIcon;
				CODE_SIGN_STYLE = Automatic;
				DEVELOPMENT_TEAM = 74N5MDHHBK;
				INFOPLIST_FILE = "$(SRCROOT)/Nature/Supporting Files/Info.plist";
				LD_RUNPATH_SEARCH_PATHS = (
					"$(inherited)",
					"@executable_path/Frameworks",
				);
				PRODUCT_BUNDLE_IDENTIFIER = com.eaststudios.Nature;
				PRODUCT_NAME = "$(TARGET_NAME)";
				SWIFT_VERSION = 4.0;
				TARGETED_DEVICE_FAMILY = "1,2";
			};
			name = Release;
		};
/* End XCBuildConfiguration section */

/* Begin XCConfigurationList section */
		A7C7B54620876BE8001F81C2 /* Build configuration list for PBXProject "Nature" */ = {
			isa = XCConfigurationList;
			buildConfigurations = (
				A7C7B55B20876BE8001F81C2 /* Debug */,
				A7C7B55C20876BE8001F81C2 /* Release */,
			);
			defaultConfigurationIsVisible = 0;
			defaultConfigurationName = Release;
		};
		A7C7B55D20876BE8001F81C2 /* Build configuration list for PBXNativeTarget "Nature" */ = {
			isa = XCConfigurationList;
			buildConfigurations = (
				A7C7B55E20876BE8001F81C2 /* Debug */,
				A7C7B55F20876BE8001F81C2 /* Release */,
			);
			defaultConfigurationIsVisible = 0;
			defaultConfigurationName = Release;
		};
/* End XCConfigurationList section */
	};
	rootObject = A7C7B54320876BE8001F81C2 /* Project object */;
}
